# Verified PyPI wheels for Linux amd64 / CPython 3.12. No local compilation.
annotated-types==0.8.0 --hash=sha256:f072f4d804ea359e4eaf198b1af7a8b0943881a87f31bb764f8bf219bb9419e0
anyio==4.15.1 --hash=sha256:6152fdbbf9a77fdec97731721bebf7c4c44f7c29b424b0065826173efc7ed101
boto3==1.40.50 --hash=sha256:62901bc616c64236700001f530fc66b659ecd1acb4f541ddac6fcae3a1d37ea6
botocore==1.40.76 --hash=sha256:fe425d386e48ac64c81cbb4a7181688d813df2e2b4c78b95ebe833c9e868c6f4
certifi==2026.7.22 --hash=sha256:62f22742b58a1a33014a2b6b706588a8d7e2a88ae7bd1a6ebe8c992928483775
charset-normalizer==3.5.2 --hash=sha256:3d31298449090ab8d47b7b1b2a555ff73cac7ed438a08b7ac160980c7ebed649
click==8.5.0 --hash=sha256:255bc9599cf7748b4b1a446ccc735421bd08a2ae529a8b88597d3de5664ee360
confluent-kafka==2.12.0 --hash=sha256:fb65a64745e5308b7890f8caf26261ea29bae32961412f80ff29bf982a0e35d9
fastapi==0.118.0 --hash=sha256:705137a61e2ef71019d2445b123aa8845bd97273c395b744d5a7dfe559056855
h11==0.16.0 --hash=sha256:63cf8bbe7522de3bf65932fda1d9c2772064ffb3dae62d55932da54b31cb6c86
idna==3.20 --hash=sha256:ab7ae7122974553370f0bdb919e1a960b2cd1bc1ef0276416d896db81c14582c
jmespath==1.1.0 --hash=sha256:a5663118de4908c91729bea0acadca56526eb2698e83de10cd116ae0f4e97c64
pyarrow==21.0.0 --hash=sha256:b7ae0bbdc8c6674259b25bef5d2a1d6af5d39d7200c819cf99e07f7dfef1c51e
pydantic==2.14.0 --hash=sha256:15fab1bea6f1dc5003b54fc2ecab230c1fd1dbade2acd4addc52d81e32416d4b
pydantic_core==2.50.0 --hash=sha256:f187030fc3d62c668feb0f09e92852e0eb414d7fcefc4748f2e67d245aade37e
python-dateutil==2.9.0.post0 --hash=sha256:a8b2bc7bffae282281c8140a97d3aa9c14da0b136dfe83f850eea9a5f7470427
requests==2.32.5 --hash=sha256:2462f94637a34fd532264295e186976db0f5d453d1cdd31473c85a6a161affb6
s3transfer==0.14.0 --hash=sha256:ea3b790c7077558ed1f02a3072fb3cb992bbbd253392f4b6e9e8976941c7d456
six==1.17.0 --hash=sha256:4721f391ed90541fddacab5acf947aa0d3dc7d27b2e1e8eda2be8970586c3274
starlette==0.48.0 --hash=sha256:0764ca97b097582558ecb498132ed0c7d942f233f365b86ba37770e026510659
typing-inspection==0.4.4 --hash=sha256:65b8397ba37ccbce054456aaccddfc91e6e3083c92824df348d96ca832f3f147
typing_extensions==4.16.0 --hash=sha256:481caa481374e813c1b176ada14e97f1f67a4539ce9cfeb3f350d78d6370c2e8
urllib3==2.8.0 --hash=sha256:0cf3cae568d36aa9576b28dfb35f11328f1cb974ca7647d9475ebb86c75ac6e3
uvicorn==0.37.0 --hash=sha256:913b2b88672343739927ce381ff9e2ad62541f9f8289664fa1d1d3803fa2ce6c
zstandard==0.25.0 --hash=sha256:5a56ba0db2d244117ed744dfa8f6f5b366e14148e00de44723413b2f3938a902
tomli==2.5.0 --hash=sha256:6cf74416bdc94ae458b14e37286c1073081850ac8459a00d0c5efef5d44294c6
